
Microsoft Visual Studio Solution File, Format Version 12.00
# Visual Studio Version 17
VisualStudioVersion = 17.0.31903.59
MinimumVisualStudioVersion = 10.0.40219.1
Project("{FAE04EC0-301F-11D3-BF4B-00C04F79EFBC}") = "Day1_1", "Day1_1\Day1_1.csproj", "{E8264D2E-BF6E-4F8D-9A6B-C25D8189DE19}"
EndProject
Project("{FAE04EC0-301F-11D3-BF4B-00C04F79EFBC}") = "Day1_2", "Day1_2\Day1_2.csproj", "{DCCFCC46-C188-4AC6-8C23-B86C86E546B0}"
EndProject
Project("{FAE04EC0-301F-11D3-BF4B-00C04F79EFBC}") = "Day2_1", "Day2_1\Day2_1.csproj", "{3FE04518-ECA3-4757-BA3E-C6B8B0CA7EDE}"
EndProject
Project("{FAE04EC0-301F-11D3-BF4B-00C04F79EFBC}") = "Day2_2", "Day2_2\Day2_2.csproj", "{DACB920F-87DA-41DF-8D4E-376C7D49A973}"
EndProject
Project("{FAE04EC0-301F-11D3-BF4B-00C04F79EFBC}") = "Day3_1", "Day3_1\Day3_1.csproj", "{8D921279-33D2-4317-A08A-791784330C2F}"
EndProject
Project("{FAE04EC0-301F-11D3-BF4B-00C04F79EFBC}") = "Day3_2", "Day3_2\Day3_2.csproj", "{2C48E95C-0C7F-4DCF-8CDD-523E2CAC3006}"
EndProject
Project("{FAE04EC0-301F-11D3-BF4B-00C04F79EFBC}") = "Day4_1", "Day4_1\Day4_1.csproj", "{66A5A0D4-847D-4443-AC39-B7D00D1FD3C0}"
EndProject
Project("{FAE04EC0-301F-11D3-BF4B-00C04F79EFBC}") = "Day4_2", "Day4_2\Day4_2.csproj", "{AC1322ED-099E-4DA3-8BD5-EB1BD5B9642E}"
EndProject
Project("{FAE04EC0-301F-11D3-BF4B-00C04F79EFBC}") = "Day5_1", "Day5_1\Day5_1.csproj", "{2D771B21-C360-4B76-B398-0C2810F25E42}"
EndProject
Project("{FAE04EC0-301F-11D3-BF4B-00C04F79EFBC}") = "Day5_2", "Day5_2\Day5_2.csproj", "{E63FA1A9-F645-4B92-835E-70F88D9F5DFD}"
EndProject
Project("{FAE04EC0-301F-11D3-BF4B-00C04F79EFBC}") = "Day6_1", "Day6_1\Day6_1.csproj", "{742981CC-F009-4254-AC76-4D3BE4550D94}"
EndProject
Project("{FAE04EC0-301F-11D3-BF4B-00C04F79EFBC}") = "Day6_2", "Day6_2\Day6_2.csproj", "{AF76E4E5-C3BD-4038-A266-EDC8829C0F1E}"
EndProject
Project("{FAE04EC0-301F-11D3-BF4B-00C04F79EFBC}") = "Day7_1", "Day7_1\Day7_1.csproj", "{7D951064-F2F2-497B-9394-0ABA82C5565F}"
EndProject
Project("{FAE04EC0-301F-11D3-BF4B-00C04F79EFBC}") = "Day7_2", "Day7_2\Day7_2.csproj", "{EA0799A2-791D-4134-8A03-20536ED671CC}"
EndProject
Project("{FAE04EC0-301F-11D3-BF4B-00C04F79EFBC}") = "Day8_1", "Day8_1\Day8_1.csproj", "{F0C076C9-3718-4BF9-ABF6-5EAB5A7F1872}"
EndProject
Project("{FAE04EC0-301F-11D3-BF4B-00C04F79EFBC}") = "Day8_2", "Day8_2\Day8_2.csproj", "{FCC1A501-3548-4881-B395-2C783CFDA6F1}"
EndProject
Project("{FAE04EC0-301F-11D3-BF4B-00C04F79EFBC}") = "Day9_1", "Day9_1\Day9_1.csproj", "{4F4C7E56-0354-49ED-9ED5-BA4158865F5C}"
EndProject
Project("{FAE04EC0-301F-11D3-BF4B-00C04F79EFBC}") = "Day9_2", "Day9_2\Day9_2.csproj", "{91153C25-E4CD-4063-9E98-5ECBBD690794}"
EndProject
Global
	GlobalSection(SolutionConfigurationPlatforms) = preSolution
		Debug|Any CPU = Debug|Any CPU
		Release|Any CPU = Release|Any CPU
	EndGlobalSection
	GlobalSection(SolutionProperties) = preSolution
		HideSolutionNode = FALSE
	EndGlobalSection
	GlobalSection(ProjectConfigurationPlatforms) = postSolution
		{B35947F4-C694-4448-B80F-947D5095EB5C}.Debug|Any CPU.ActiveCfg = Debug|Any CPU
		{B35947F4-C694-4448-B80F-947D5095EB5C}.Debug|Any CPU.Build.0 = Debug|Any CPU
		{B35947F4-C694-4448-B80F-947D5095EB5C}.Release|Any CPU.ActiveCfg = Release|Any CPU
		{B35947F4-C694-4448-B80F-947D5095EB5C}.Release|Any CPU.Build.0 = Release|Any CPU
		{E8264D2E-BF6E-4F8D-9A6B-C25D8189DE19}.Debug|Any CPU.ActiveCfg = Debug|Any CPU
		{E8264D2E-BF6E-4F8D-9A6B-C25D8189DE19}.Debug|Any CPU.Build.0 = Debug|Any CPU
		{E8264D2E-BF6E-4F8D-9A6B-C25D8189DE19}.Release|Any CPU.ActiveCfg = Release|Any CPU
		{E8264D2E-BF6E-4F8D-9A6B-C25D8189DE19}.Release|Any CPU.Build.0 = Release|Any CPU
		{DCCFCC46-C188-4AC6-8C23-B86C86E546B0}.Debug|Any CPU.ActiveCfg = Debug|Any CPU
		{DCCFCC46-C188-4AC6-8C23-B86C86E546B0}.Debug|Any CPU.Build.0 = Debug|Any CPU
		{DCCFCC46-C188-4AC6-8C23-B86C86E546B0}.Release|Any CPU.ActiveCfg = Release|Any CPU
		{DCCFCC46-C188-4AC6-8C23-B86C86E546B0}.Release|Any CPU.Build.0 = Release|Any CPU
		{3FE04518-ECA3-4757-BA3E-C6B8B0CA7EDE}.Debug|Any CPU.ActiveCfg = Debug|Any CPU
		{3FE04518-ECA3-4757-BA3E-C6B8B0CA7EDE}.Debug|Any CPU.Build.0 = Debug|Any CPU
		{3FE04518-ECA3-4757-BA3E-C6B8B0CA7EDE}.Release|Any CPU.ActiveCfg = Release|Any CPU
		{3FE04518-ECA3-4757-BA3E-C6B8B0CA7EDE}.Release|Any CPU.Build.0 = Release|Any CPU
		{DACB920F-87DA-41DF-8D4E-376C7D49A973}.Debug|Any CPU.ActiveCfg = Debug|Any CPU
		{DACB920F-87DA-41DF-8D4E-376C7D49A973}.Debug|Any CPU.Build.0 = Debug|Any CPU
		{DACB920F-87DA-41DF-8D4E-376C7D49A973}.Release|Any CPU.ActiveCfg = Release|Any CPU
		{DACB920F-87DA-41DF-8D4E-376C7D49A973}.Release|Any CPU.Build.0 = Release|Any CPU
		{8D921279-33D2-4317-A08A-791784330C2F}.Debug|Any CPU.ActiveCfg = Debug|Any CPU
		{8D921279-33D2-4317-A08A-791784330C2F}.Debug|Any CPU.Build.0 = Debug|Any CPU
		{8D921279-33D2-4317-A08A-791784330C2F}.Release|Any CPU.ActiveCfg = Release|Any CPU
		{8D921279-33D2-4317-A08A-791784330C2F}.Release|Any CPU.Build.0 = Release|Any CPU
		{2C48E95C-0C7F-4DCF-8CDD-523E2CAC3006}.Debug|Any CPU.ActiveCfg = Debug|Any CPU
		{2C48E95C-0C7F-4DCF-8CDD-523E2CAC3006}.Debug|Any CPU.Build.0 = Debug|Any CPU
		{2C48E95C-0C7F-4DCF-8CDD-523E2CAC3006}.Release|Any CPU.ActiveCfg = Release|Any CPU
		{2C48E95C-0C7F-4DCF-8CDD-523E2CAC3006}.Release|Any CPU.Build.0 = Release|Any CPU
		{66A5A0D4-847D-4443-AC39-B7D00D1FD3C0}.Debug|Any CPU.ActiveCfg = Debug|Any CPU
		{66A5A0D4-847D-4443-AC39-B7D00D1FD3C0}.Debug|Any CPU.Build.0 = Debug|Any CPU
		{66A5A0D4-847D-4443-AC39-B7D00D1FD3C0}.Release|Any CPU.ActiveCfg = Release|Any CPU
		{66A5A0D4-847D-4443-AC39-B7D00D1FD3C0}.Release|Any CPU.Build.0 = Release|Any CPU
		{AC1322ED-099E-4DA3-8BD5-EB1BD5B9642E}.Debug|Any CPU.ActiveCfg = Debug|Any CPU
		{AC1322ED-099E-4DA3-8BD5-EB1BD5B9642E}.Debug|Any CPU.Build.0 = Debug|Any CPU
		{AC1322ED-099E-4DA3-8BD5-EB1BD5B9642E}.Release|Any CPU.ActiveCfg = Release|Any CPU
		{AC1322ED-099E-4DA3-8BD5-EB1BD5B9642E}.Release|Any CPU.Build.0 = Release|Any CPU
		{2D771B21-C360-4B76-B398-0C2810F25E42}.Debug|Any CPU.ActiveCfg = Debug|Any CPU
		{2D771B21-C360-4B76-B398-0C2810F25E42}.Debug|Any CPU.Build.0 = Debug|Any CPU
		{2D771B21-C360-4B76-B398-0C2810F25E42}.Release|Any CPU.ActiveCfg = Release|Any CPU
		{2D771B21-C360-4B76-B398-0C2810F25E42}.Release|Any CPU.Build.0 = Release|Any CPU
		{E63FA1A9-F645-4B92-835E-70F88D9F5DFD}.Debug|Any CPU.ActiveCfg = Debug|Any CPU
		{E63FA1A9-F645-4B92-835E-70F88D9F5DFD}.Debug|Any CPU.Build.0 = Debug|Any CPU
		{E63FA1A9-F645-4B92-835E-70F88D9F5DFD}.Release|Any CPU.ActiveCfg = Release|Any CPU
		{E63FA1A9-F645-4B92-835E-70F88D9F5DFD}.Release|Any CPU.Build.0 = Release|Any CPU
		{742981CC-F009-4254-AC76-4D3BE4550D94}.Debug|Any CPU.ActiveCfg = Debug|Any CPU
		{742981CC-F009-4254-AC76-4D3BE4550D94}.Debug|Any CPU.Build.0 = Debug|Any CPU
		{742981CC-F009-4254-AC76-4D3BE4550D94}.Release|Any CPU.ActiveCfg = Release|Any CPU
		{742981CC-F009-4254-AC76-4D3BE4550D94}.Release|Any CPU.Build.0 = Release|Any CPU
		{AF76E4E5-C3BD-4038-A266-EDC8829C0F1E}.Debug|Any CPU.ActiveCfg = Debug|Any CPU
		{AF76E4E5-C3BD-4038-A266-EDC8829C0F1E}.Debug|Any CPU.Build.0 = Debug|Any CPU
		{AF76E4E5-C3BD-4038-A266-EDC8829C0F1E}.Release|Any CPU.ActiveCfg = Release|Any CPU
		{AF76E4E5-C3BD-4038-A266-EDC8829C0F1E}.Release|Any CPU.Build.0 = Release|Any CPU
		{7D951064-F2F2-497B-9394-0ABA82C5565F}.Debug|Any CPU.ActiveCfg = Debug|Any CPU
		{7D951064-F2F2-497B-9394-0ABA82C5565F}.Debug|Any CPU.Build.0 = Debug|Any CPU
		{7D951064-F2F2-497B-9394-0ABA82C5565F}.Release|Any CPU.ActiveCfg = Release|Any CPU
		{7D951064-F2F2-497B-9394-0ABA82C5565F}.Release|Any CPU.Build.0 = Release|Any CPU
		{EA0799A2-791D-4134-8A03-20536ED671CC}.Debug|Any CPU.ActiveCfg = Debug|Any CPU
		{EA0799A2-791D-4134-8A03-20536ED671CC}.Debug|Any CPU.Build.0 = Debug|Any CPU
		{EA0799A2-791D-4134-8A03-20536ED671CC}.Release|Any CPU.ActiveCfg = Release|Any CPU
		{EA0799A2-791D-4134-8A03-20536ED671CC}.Release|Any CPU.Build.0 = Release|Any CPU
		{F0C076C9-3718-4BF9-ABF6-5EAB5A7F1872}.Debug|Any CPU.ActiveCfg = Debug|Any CPU
		{F0C076C9-3718-4BF9-ABF6-5EAB5A7F1872}.Debug|Any CPU.Build.0 = Debug|Any CPU
		{F0C076C9-3718-4BF9-ABF6-5EAB5A7F1872}.Release|Any CPU.ActiveCfg = Release|Any CPU
		{F0C076C9-3718-4BF9-ABF6-5EAB5A7F1872}.Release|Any CPU.Build.0 = Release|Any CPU
		{FCC1A501-3548-4881-B395-2C783CFDA6F1}.Debug|Any CPU.ActiveCfg = Debug|Any CPU
		{FCC1A501-3548-4881-B395-2C783CFDA6F1}.Debug|Any CPU.Build.0 = Debug|Any CPU
		{FCC1A501-3548-4881-B395-2C783CFDA6F1}.Release|Any CPU.ActiveCfg = Release|Any CPU
		{FCC1A501-3548-4881-B395-2C783CFDA6F1}.Release|Any CPU.Build.0 = Release|Any CPU
		{4F4C7E56-0354-49ED-9ED5-BA4158865F5C}.Debug|Any CPU.ActiveCfg = Debug|Any CPU
		{4F4C7E56-0354-49ED-9ED5-BA4158865F5C}.Debug|Any CPU.Build.0 = Debug|Any CPU
		{4F4C7E56-0354-49ED-9ED5-BA4158865F5C}.Release|Any CPU.ActiveCfg = Release|Any CPU
		{4F4C7E56-0354-49ED-9ED5-BA4158865F5C}.Release|Any CPU.Build.0 = Release|Any CPU
		{91153C25-E4CD-4063-9E98-5ECBBD690794}.Debug|Any CPU.ActiveCfg = Debug|Any CPU
		{91153C25-E4CD-4063-9E98-5ECBBD690794}.Debug|Any CPU.Build.0 = Debug|Any CPU
		{91153C25-E4CD-4063-9E98-5ECBBD690794}.Release|Any CPU.ActiveCfg = Release|Any CPU
		{91153C25-E4CD-4063-9E98-5ECBBD690794}.Release|Any CPU.Build.0 = Release|Any CPU
	EndGlobalSection
EndGlobal
